
Microsoft Visual Studio Solution File, Format Version 12.00
# Visual Studio Version 16
VisualStudioVersion = 16.0.31624.102
MinimumVisualStudioVersion = 10.0.40219.1
Project("{FAE04EC0-301F-11D3-BF4B-00C04F79EFBC}") = "BlazorServerApp", "BlazorServerApp\BlazorServerApp.csproj", "{8C3F96FE-C1B4-45FD-9810-F771DB4C4DE3}"
EndProject
Project("{FAE04EC0-301F-11D3-BF4B-00C04F79EFBC}") = "BlazorWebAssembly", "BlazorWebAssembly\BlazorWebAssembly.csproj", "{26FFD986-EBD2-4AD6-A1CE-2DA7BF386FFF}"
EndProject
Global
	GlobalSection(SolutionConfigurationPlatforms) = preSolution
		Debug|Any CPU = Debug|Any CPU
		Release|Any CPU = Release|Any CPU
	EndGlobalSection
	GlobalSection(ProjectConfigurationPlatforms) = postSolution
		{8C3F96FE-C1B4-45FD-9810-F771DB4C4DE3}.Debug|Any CPU.ActiveCfg = Debug|Any CPU
		{8C3F96FE-C1B4-45FD-9810-F771DB4C4DE3}.Debug|Any CPU.Build.0 = Debug|Any CPU
		{8C3F96FE-C1B4-45FD-9810-F771DB4C4DE3}.Release|Any CPU.ActiveCfg = Release|Any CPU
		{8C3F96FE-C1B4-45FD-9810-F771DB4C4DE3}.Release|Any CPU.Build.0 = Release|Any CPU
		{26FFD986-EBD2-4AD6-A1CE-2DA7BF386FFF}.Debug|Any CPU.ActiveCfg = Debug|Any CPU
		{26FFD986-EBD2-4AD6-A1CE-2DA7BF386FFF}.Debug|Any CPU.Build.0 = Debug|Any CPU
		{26FFD986-EBD2-4AD6-A1CE-2DA7BF386FFF}.Release|Any CPU.ActiveCfg = Release|Any CPU
		{26FFD986-EBD2-4AD6-A1CE-2DA7BF386FFF}.Release|Any CPU.Build.0 = Release|Any CPU
	EndGlobalSection
	GlobalSection(SolutionProperties) = preSolution
		HideSolutionNode = FALSE
	EndGlobalSection
	GlobalSection(ExtensibilityGlobals) = postSolution
		SolutionGuid = {A268C920-5FCD-47A7-8C57-DE32E65C69D9}
	EndGlobalSection
EndGlobal
